
Microsoft Visual Studio Solution File, Format Version 12.00
# Visual Studio Version 16
VisualStudioVersion = 16.0.30907.101
MinimumVisualStudioVersion = 10.0.40219.1
Project("{FAE04EC0-301F-11D3-BF4B-00C04F79EFBC}") = "CountDown", "CountDown\CountDown.csproj", "{58D448C4-0C9D-45A0-A47B-1D7F2A56712D}"
EndProject
Global
	GlobalSection(SolutionConfigurationPlatforms) = preSolution
		Debug|Any CPU = Debug|Any CPU
		Release|Any CPU = Release|Any CPU
	EndGlobalSection
	GlobalSection(ProjectConfigurationPlatforms) = postSolution
		{58D448C4-0C9D-45A0-A47B-1D7F2A56712D}.Debug|Any CPU.ActiveCfg = Debug|Any CPU
		{58D448C4-0C9D-45A0-A47B-1D7F2A56712D}.Debug|Any CPU.Build.0 = Debug|Any CPU
		{58D448C4-0C9D-45A0-A47B-1D7F2A56712D}.Release|Any CPU.ActiveCfg = Release|Any CPU
		{58D448C4-0C9D-45A0-A47B-1D7F2A56712D}.Release|Any CPU.Build.0 = Release|Any CPU
	EndGlobalSection
	GlobalSection(SolutionProperties) = preSolution
		HideSolutionNode = FALSE
	EndGlobalSection
	GlobalSection(ExtensibilityGlobals) = postSolution
		SolutionGuid = {AC277C1D-CB1B-47C7-9FAC-AD1489B73A6F}
	EndGlobalSection
EndGlobal
